
Microsoft Visual Studio Solution File, Format Version 12.00
# Visual Studio 15
VisualStudioVersion = 15.0.26228.9
MinimumVisualStudioVersion = 15.0.26124.0
Project("{9A19103F-16F7-4668-BE54-9A1E7A4F7556}") = "Api.Database", "Api.Database\Api.Database.csproj", "{59EA8E7E-4047-450E-A273-DCCCE4E8214A}"
EndProject
Project("{2150E333-8FDC-42A3-9474-1A3956D46DE8}") = "Database", "Database", "{63C308F7-81A3-4E71-8D11-B57F340E0D10}"
EndProject
Project("{9A19103F-16F7-4668-BE54-9A1E7A4F7556}") = "api", "api\api.csproj", "{C7EE4D17-4B72-4C42-8412-2F24336974BD}"
EndProject
Project("{13B669BE-BB05-4DDF-9536-439F39A36129}") = "Api.Database.Entity", "Api.Database.Entity\Api.Database.Entity.csproj", "{DB4CA77B-992D-4C73-BDD3-54906C921DB3}"
EndProject
Project("{13B669BE-BB05-4DDF-9536-439F39A36129}") = "Portal.Core", "Portal.Core\Portal.Core.csproj", "{BE827100-6795-4A24-87D5-9946AC2C2E62}"
EndProject
Project("{13B669BE-BB05-4DDF-9536-439F39A36129}") = "DummyDB", "DummyDB\DummyDB.csproj", "{7F0BE253-5E2A-4C59-AB01-AF20A4BD0E02}"
EndProject
Project("{13B669BE-BB05-4DDF-9536-439F39A36129}") = "Threenine.AutoMapperConfig", "Threenine.AutoMapperConfig\Threenine.AutoMapperConfig.csproj", "{CC09B4DE-BC37-487F-AF8F-296427CFDC5C}"
EndProject
Project("{13B669BE-BB05-4DDF-9536-439F39A36129}") = "Api.Domain", "Api.Domain\Api.Domain.csproj", "{4078288F-2E43-4F96-AC1C-23798EB3C46F}"
EndProject
Project("{2150E333-8FDC-42A3-9474-1A3956D46DE8}") = "tests", "tests", "{811C7B22-BF36-4B99-8EF5-A0CE953D5CF0}"
EndProject
Project("{13B669BE-BB05-4DDF-9536-439F39A36129}") = "Api.Tests", "tests\Api.Tests\Api.Tests.csproj", "{E4031939-8539-41EA-91F2-340334797DD7}"
EndProject
Global
	GlobalSection(SolutionConfigurationPlatforms) = preSolution
		Debug|Any CPU = Debug|Any CPU
		Debug|x64 = Debug|x64
		Debug|x86 = Debug|x86
		Release|Any CPU = Release|Any CPU
		Release|x64 = Release|x64
		Release|x86 = Release|x86
	EndGlobalSection
	GlobalSection(ProjectConfigurationPlatforms) = postSolution
		{59EA8E7E-4047-450E-A273-DCCCE4E8214A}.Debug|Any CPU.ActiveCfg = Debug|Any CPU
		{59EA8E7E-4047-450E-A273-DCCCE4E8214A}.Debug|Any CPU.Build.0 = Debug|Any CPU
		{59EA8E7E-4047-450E-A273-DCCCE4E8214A}.Debug|x64.ActiveCfg = Debug|Any CPU
		{59EA8E7E-4047-450E-A273-DCCCE4E8214A}.Debug|x64.Build.0 = Debug|Any CPU
		{59EA8E7E-4047-450E-A273-DCCCE4E8214A}.Debug|x86.ActiveCfg = Debug|Any CPU
		{59EA8E7E-4047-450E-A273-DCCCE4E8214A}.Debug|x86.Build.0 = Debug|Any CPU
		{59EA8E7E-4047-450E-A273-DCCCE4E8214A}.Release|Any CPU.ActiveCfg = Release|Any CPU
		{59EA8E7E-4047-450E-A273-DCCCE4E8214A}.Release|Any CPU.Build.0 = Release|Any CPU
		{59EA8E7E-4047-450E-A273-DCCCE4E8214A}.Release|x64.ActiveCfg = Release|Any CPU
		{59EA8E7E-4047-450E-A273-DCCCE4E8214A}.Release|x64.Build.0 = Release|Any CPU
		{59EA8E7E-4047-450E-A273-DCCCE4E8214A}.Release|x86.ActiveCfg = Release|Any CPU
		{59EA8E7E-4047-450E-A273-DCCCE4E8214A}.Release|x86.Build.0 = Release|Any CPU
		{C7EE4D17-4B72-4C42-8412-2F24336974BD}.Debug|Any CPU.ActiveCfg = Debug|Any CPU
		{C7EE4D17-4B72-4C42-8412-2F24336974BD}.Debug|Any CPU.Build.0 = Debug|Any CPU
		{C7EE4D17-4B72-4C42-8412-2F24336974BD}.Debug|x64.ActiveCfg = Debug|Any CPU
		{C7EE4D17-4B72-4C42-8412-2F24336974BD}.Debug|x64.Build.0 = Debug|Any CPU
		{C7EE4D17-4B72-4C42-8412-2F24336974BD}.Debug|x86.ActiveCfg = Debug|Any CPU
		{C7EE4D17-4B72-4C42-8412-2F24336974BD}.Debug|x86.Build.0 = Debug|Any CPU
		{C7EE4D17-4B72-4C42-8412-2F24336974BD}.Release|Any CPU.ActiveCfg = Release|Any CPU
		{C7EE4D17-4B72-4C42-8412-2F24336974BD}.Release|Any CPU.Build.0 = Release|Any CPU
		{C7EE4D17-4B72-4C42-8412-2F24336974BD}.Release|x64.ActiveCfg = Release|Any CPU
		{C7EE4D17-4B72-4C42-8412-2F24336974BD}.Release|x64.Build.0 = Release|Any CPU
		{C7EE4D17-4B72-4C42-8412-2F24336974BD}.Release|x86.ActiveCfg = Release|Any CPU
		{C7EE4D17-4B72-4C42-8412-2F24336974BD}.Release|x86.Build.0 = Release|Any CPU
		{DB4CA77B-992D-4C73-BDD3-54906C921DB3}.Debug|Any CPU.ActiveCfg = Debug|Any CPU
		{DB4CA77B-992D-4C73-BDD3-54906C921DB3}.Debug|Any CPU.Build.0 = Debug|Any CPU
		{DB4CA77B-992D-4C73-BDD3-54906C921DB3}.Debug|x64.ActiveCfg = Debug|x64
		{DB4CA77B-992D-4C73-BDD3-54906C921DB3}.Debug|x64.Build.0 = Debug|x64
		{DB4CA77B-992D-4C73-BDD3-54906C921DB3}.Debug|x86.ActiveCfg = Debug|x86
		{DB4CA77B-992D-4C73-BDD3-54906C921DB3}.Debug|x86.Build.0 = Debug|x86
		{DB4CA77B-992D-4C73-BDD3-54906C921DB3}.Release|Any CPU.ActiveCfg = Release|Any CPU
		{DB4CA77B-992D-4C73-BDD3-54906C921DB3}.Release|Any CPU.Build.0 = Release|Any CPU
		{DB4CA77B-992D-4C73-BDD3-54906C921DB3}.Release|x64.ActiveCfg = Release|x64
		{DB4CA77B-992D-4C73-BDD3-54906C921DB3}.Release|x64.Build.0 = Release|x64
		{DB4CA77B-992D-4C73-BDD3-54906C921DB3}.Release|x86.ActiveCfg = Release|x86
		{DB4CA77B-992D-4C73-BDD3-54906C921DB3}.Release|x86.Build.0 = Release|x86
		{BE827100-6795-4A24-87D5-9946AC2C2E62}.Debug|Any CPU.ActiveCfg = Debug|Any CPU
		{BE827100-6795-4A24-87D5-9946AC2C2E62}.Debug|Any CPU.Build.0 = Debug|Any CPU
		{BE827100-6795-4A24-87D5-9946AC2C2E62}.Debug|x64.ActiveCfg = Debug|x64
		{BE827100-6795-4A24-87D5-9946AC2C2E62}.Debug|x64.Build.0 = Debug|x64
		{BE827100-6795-4A24-87D5-9946AC2C2E62}.Debug|x86.ActiveCfg = Debug|x86
		{BE827100-6795-4A24-87D5-9946AC2C2E62}.Debug|x86.Build.0 = Debug|x86
		{BE827100-6795-4A24-87D5-9946AC2C2E62}.Release|Any CPU.ActiveCfg = Release|Any CPU
		{BE827100-6795-4A24-87D5-9946AC2C2E62}.Release|Any CPU.Build.0 = Release|Any CPU
		{BE827100-6795-4A24-87D5-9946AC2C2E62}.Release|x64.ActiveCfg = Release|x64
		{BE827100-6795-4A24-87D5-9946AC2C2E62}.Release|x64.Build.0 = Release|x64
		{BE827100-6795-4A24-87D5-9946AC2C2E62}.Release|x86.ActiveCfg = Release|x86
		{BE827100-6795-4A24-87D5-9946AC2C2E62}.Release|x86.Build.0 = Release|x86
		{7F0BE253-5E2A-4C59-AB01-AF20A4BD0E02}.Debug|Any CPU.ActiveCfg = Debug|Any CPU
		{7F0BE253-5E2A-4C59-AB01-AF20A4BD0E02}.Debug|Any CPU.Build.0 = Debug|Any CPU
		{7F0BE253-5E2A-4C59-AB01-AF20A4BD0E02}.Debug|x64.ActiveCfg = Debug|x64
		{7F0BE253-5E2A-4C59-AB01-AF20A4BD0E02}.Debug|x64.Build.0 = Debug|x64
		{7F0BE253-5E2A-4C59-AB01-AF20A4BD0E02}.Debug|x86.ActiveCfg = Debug|x86
		{7F0BE253-5E2A-4C59-AB01-AF20A4BD0E02}.Debug|x86.Build.0 = Debug|x86
		{7F0BE253-5E2A-4C59-AB01-AF20A4BD0E02}.Release|Any CPU.ActiveCfg = Release|Any CPU
		{7F0BE253-5E2A-4C59-AB01-AF20A4BD0E02}.Release|Any CPU.Build.0 = Release|Any CPU
		{7F0BE253-5E2A-4C59-AB01-AF20A4BD0E02}.Release|x64.ActiveCfg = Release|x64
		{7F0BE253-5E2A-4C59-AB01-AF20A4BD0E02}.Release|x64.Build.0 = Release|x64
		{7F0BE253-5E2A-4C59-AB01-AF20A4BD0E02}.Release|x86.ActiveCfg = Release|x86
		{7F0BE253-5E2A-4C59-AB01-AF20A4BD0E02}.Release|x86.Build.0 = Release|x86
		{CC09B4DE-BC37-487F-AF8F-296427CFDC5C}.Debug|Any CPU.ActiveCfg = Debug|Any CPU
		{CC09B4DE-BC37-487F-AF8F-296427CFDC5C}.Debug|Any CPU.Build.0 = Debug|Any CPU
		{CC09B4DE-BC37-487F-AF8F-296427CFDC5C}.Debug|x64.ActiveCfg = Debug|x64
		{CC09B4DE-BC37-487F-AF8F-296427CFDC5C}.Debug|x64.Build.0 = Debug|x64
		{CC09B4DE-BC37-487F-AF8F-296427CFDC5C}.Debug|x86.ActiveCfg = Debug|x86
		{CC09B4DE-BC37-487F-AF8F-296427CFDC5C}.Debug|x86.Build.0 = Debug|x86
		{CC09B4DE-BC37-487F-AF8F-296427CFDC5C}.Release|Any CPU.ActiveCfg = Release|Any CPU
		{CC09B4DE-BC37-487F-AF8F-296427CFDC5C}.Release|Any CPU.Build.0 = Release|Any CPU
		{CC09B4DE-BC37-487F-AF8F-296427CFDC5C}.Release|x64.ActiveCfg = Release|x64
		{CC09B4DE-BC37-487F-AF8F-296427CFDC5C}.Release|x64.Build.0 = Release|x64
		{CC09B4DE-BC37-487F-AF8F-296427CFDC5C}.Release|x86.ActiveCfg = Release|x86
		{CC09B4DE-BC37-487F-AF8F-296427CFDC5C}.Release|x86.Build.0 = Release|x86
		{4078288F-2E43-4F96-AC1C-23798EB3C46F}.Debug|Any CPU.ActiveCfg = Debug|Any CPU
		{4078288F-2E43-4F96-AC1C-23798EB3C46F}.Debug|Any CPU.Build.0 = Debug|Any CPU
		{4078288F-2E43-4F96-AC1C-23798EB3C46F}.Debug|x64.ActiveCfg = Debug|x64
		{4078288F-2E43-4F96-AC1C-23798EB3C46F}.Debug|x64.Build.0 = Debug|x64
		{4078288F-2E43-4F96-AC1C-23798EB3C46F}.Debug|x86.ActiveCfg = Debug|x86
		{4078288F-2E43-4F96-AC1C-23798EB3C46F}.Debug|x86.Build.0 = Debug|x86
		{4078288F-2E43-4F96-AC1C-23798EB3C46F}.Release|Any CPU.ActiveCfg = Release|Any CPU
		{4078288F-2E43-4F96-AC1C-23798EB3C46F}.Release|Any CPU.Build.0 = Release|Any CPU
		{4078288F-2E43-4F96-AC1C-23798EB3C46F}.Release|x64.ActiveCfg = Release|x64
		{4078288F-2E43-4F96-AC1C-23798EB3C46F}.Release|x64.Build.0 = Release|x64
		{4078288F-2E43-4F96-AC1C-23798EB3C46F}.Release|x86.ActiveCfg = Release|x86
		{4078288F-2E43-4F96-AC1C-23798EB3C46F}.Release|x86.Build.0 = Release|x86
		{E4031939-8539-41EA-91F2-340334797DD7}.Debug|Any CPU.ActiveCfg = Debug|Any CPU
		{E4031939-8539-41EA-91F2-340334797DD7}.Debug|Any CPU.Build.0 = Debug|Any CPU
		{E4031939-8539-41EA-91F2-340334797DD7}.Debug|x64.ActiveCfg = Debug|x64
		{E4031939-8539-41EA-91F2-340334797DD7}.Debug|x64.Build.0 = Debug|x64
		{E4031939-8539-41EA-91F2-340334797DD7}.Debug|x86.ActiveCfg = Debug|x86
		{E4031939-8539-41EA-91F2-340334797DD7}.Debug|x86.Build.0 = Debug|x86
		{E4031939-8539-41EA-91F2-340334797DD7}.Release|Any CPU.ActiveCfg = Release|Any CPU
		{E4031939-8539-41EA-91F2-340334797DD7}.Release|Any CPU.Build.0 = Release|Any CPU
		{E4031939-8539-41EA-91F2-340334797DD7}.Release|x64.ActiveCfg = Release|x64
		{E4031939-8539-41EA-91F2-340334797DD7}.Release|x64.Build.0 = Release|x64
		{E4031939-8539-41EA-91F2-340334797DD7}.Release|x86.ActiveCfg = Release|x86
		{E4031939-8539-41EA-91F2-340334797DD7}.Release|x86.Build.0 = Release|x86
	EndGlobalSection
	GlobalSection(SolutionProperties) = preSolution
		HideSolutionNode = FALSE
	EndGlobalSection
	GlobalSection(NestedProjects) = preSolution
		{59EA8E7E-4047-450E-A273-DCCCE4E8214A} = {63C308F7-81A3-4E71-8D11-B57F340E0D10}
		{E4031939-8539-41EA-91F2-340334797DD7} = {811C7B22-BF36-4B99-8EF5-A0CE953D5CF0}
	EndGlobalSection
EndGlobal
